{
  "name": "rundeck-legacy-package-manager",
  "version": "1.0.0",
  "lockfileVersion": 3,
  "requires": true,
  "packages": {
    "": {
      "name": "rundeck-legacy-package-manager",
      "version": "1.0.0",
      "license": "ISC",
      "dependencies": {
        "bootstrap": "3.4.1",
        "install": "0.13.0",
        "jquery": "3.7.1",
        "jquery-ui-dist": "1.13.3",
        "jquery-ui-timepicker-addon": "1.6.3",
        "knockout": "3.5.3",
        "knockout-mapping": "2.6.0",
        "perfect-scrollbar": "1.5.6",
        "vue": "3.5.41",
        "vuex": "4.1.0"
      },
      "engines": {
        "npm": "11.19.0"
      }
    },
    "node_modules/@babel/helper-string-parser": {
      "version": "7.29.7",
      "resolved": "https://npm.artifacts.pd-internal.com/npm/@babel/helper-string-parser/-/helper-string-parser-7.29.7.tgz",
      "integrity": "sha512-Pb5ijPrZ89GDH8223L4UP8i6QApWxs04RbPQJTeWDV0/keR2E36MeKnyr6LYmUUvqRRI+Iv87SuF1W6ErINzYw==",
      "license": "MIT",
      "engines": {
        "node": ">=6.9.0"
      }
    },
    "node_modules/@babel/helper-validator-identifier": {
      "version": "7.29.7",
      "resolved": "https://npm.artifacts.pd-internal.com/npm/@babel/helper-validator-identifier/-/helper-validator-identifier-7.29.7.tgz",
      "integrity": "sha512-qehxGkRj55h/ff8EMaJ+cYhyaKlHIxqYDn682wQD7RNp9UujOQsHog2uS0r2vzr4pW+sXf90NeeayjcNaX3fFg==",
      "license": "MIT",
      "engines": {
        "node": ">=6.9.0"
      }
    },
    "node_modules/@babel/parser": {
      "version": "7.29.8",
      "resolved": "https://npm.artifacts.pd-internal.com/npm/@babel/parser/-/parser-7.29.8.tgz",
      "integrity": "sha512-E8lTAYNB1KW+FH+VGJuZM1ioAx2E6oVlvQFRrf5P8ZZmsiJXYAD9vTFV7yyEURNzgh1dFqMZuO6tUwcARbqFCA==",
      "license": "MIT",
      "dependencies": {
        "@babel/types": "^7.29.8"
      },
      "bin": {
        "parser": "bin/babel-parser.js"
      },
      "engines": {
        "node": ">=6.0.0"
      }
    },
    "node_modules/@babel/types": {
      "version": "7.29.8",
      "resolved": "https://npm.artifacts.pd-internal.com/npm/@babel/types/-/types-7.29.8.tgz",
      "integrity": "sha512-Vj1jF3cPfxg7OAfoI7QnVKLoILlm2JF9pnVHrX8qx7AHMiYWT+NDAA7jChlNgRS4WTLc/fD1lXLmPixluj+3Gg==",
      "license": "MIT",
      "dependencies": {
        "@babel/helper-string-parser": "^7.29.7",
        "@babel/helper-validator-identifier": "^7.29.7"
      },
      "engines": {
        "node": ">=6.9.0"
      }
    },
    "node_modules/@jridgewell/sourcemap-codec": {
      "version": "1.5.5",
      "resolved": "https://npm.artifacts.pd-internal.com/npm/@jridgewell/sourcemap-codec/-/sourcemap-codec-1.5.5.tgz",
      "integrity": "sha512-cYQ9310grqxueWbl+WuIUIaiUaDcj7WOq5fVhEljNVgRfOUhY9fy2zTvfoqWsnebh8Sl70VScFbICvJnLKB0Og==",
      "license": "MIT"
    },
    "node_modules/@vue/compiler-core": {
      "version": "3.5.41",
      "resolved": "https://npm.artifacts.pd-internal.com/npm/@vue/compiler-core/-/compiler-core-3.5.41.tgz",
      "integrity": "sha512-q0Xtv/F9w2YO/7htQhtiL+Ev2WCJbe5N2hc+XfgyKkEKqWpSxknmT8QOuGdEKNdjPq0c3F7rNpFkTo3Kfrm7pg==",
      "license": "MIT",
      "dependencies": {
        "@babel/parser": "^7.29.8",
        "@vue/shared": "3.5.41",
        "entities": "^7.0.1",
        "estree-walker": "^2.0.2",
        "source-map-js": "^1.2.1"
      }
    },
    "node_modules/@vue/compiler-core/node_modules/entities": {
      "version": "7.0.1",
      "resolved": "https://npm.artifacts.pd-internal.com/npm/entities/-/entities-7.0.1.tgz",
      "integrity": "sha512-TWrgLOFUQTH994YUyl1yT4uyavY5nNB5muff+RtWaqNVCAK408b5ZnnbNAUEWLTCpum9w6arT70i1XdQ4UeOPA==",
      "license": "BSD-2-Clause",
      "engines": {
        "node": ">=0.12"
      },
      "funding": {
        "url": "https://github.com/fb55/entities?sponsor=1"
      }
    },
    "node_modules/@vue/compiler-dom": {
      "version": "3.5.41",
      "resolved": "https://npm.artifacts.pd-internal.com/npm/@vue/compiler-dom/-/compiler-dom-3.5.41.tgz",
      "integrity": "sha512-oKacVfNglLvGjnS6BXOlGL7EyG2h8X03pqXCjzotRZUaXGjbrTJUnVAQjrCqUnS+lyu31nwQjZY/d817GmCnfw==",
      "license": "MIT",
      "dependencies": {
        "@vue/compiler-core": "3.5.41",
        "@vue/shared": "3.5.41"
      }
    },
    "node_modules/@vue/compiler-sfc": {
      "version": "3.5.41",
      "resolved": "https://npm.artifacts.pd-internal.com/npm/@vue/compiler-sfc/-/compiler-sfc-3.5.41.tgz",
      "integrity": "sha512-XJhip7R2wy6vX3knCxdZN4KracFaZUef58s1KYewqluedHIJaPIVfXoYT7MF1F8nCvv6k8bWWxDC8opMkg1VTQ==",
      "license": "MIT",
      "dependencies": {
        "@babel/parser": "^7.29.8",
        "@vue/compiler-core": "3.5.41",
        "@vue/compiler-dom": "3.5.41",
        "@vue/compiler-ssr": "3.5.41",
        "@vue/shared": "3.5.41",
        "estree-walker": "^2.0.2",
        "magic-string": "^0.30.21",
        "postcss": "^8.5.19",
        "source-map-js": "^1.2.1"
      }
    },
    "node_modules/@vue/compiler-ssr": {
      "version": "3.5.41",
      "resolved": "https://npm.artifacts.pd-internal.com/npm/@vue/compiler-ssr/-/compiler-ssr-3.5.41.tgz",
      "integrity": "sha512-U3v5OejKEGqOI0Wy0+Sz7hGuIFZHA4LSXzrNM3IMIeDyJEBBfTpX26n3SDgToRpP2bLc9FfI2j/kSgcJ8Emq5A==",
      "license": "MIT",
      "dependencies": {
        "@vue/compiler-dom": "3.5.41",
        "@vue/shared": "3.5.41"
      }
    },
    "node_modules/@vue/devtools-api": {
      "version": "6.6.4",
      "resolved": "https://npm.artifacts.pd-internal.com/npm/@vue/devtools-api/-/devtools-api-6.6.4.tgz",
      "integrity": "sha512-sGhTPMuXqZ1rVOk32RylztWkfXTRhuS7vgAKv0zjqk8gbsHkJ7xfFf+jbySxt7tWObEJwyKaHMikV/WGDiQm8g==",
      "license": "MIT"
    },
    "node_modules/@vue/reactivity": {
      "version": "3.5.41",
      "resolved": "https://npm.artifacts.pd-internal.com/npm/@vue/reactivity/-/reactivity-3.5.41.tgz",
      "integrity": "sha512-rznsqKM0np0x18EjzF8x88MpEhdNsffbvFbckLL5+oUKz1BxAImEmO7J1ArRYSyo6aQaVoBDp7jEkT91OOxydA==",
      "license": "MIT",
      "dependencies": {
        "@vue/shared": "3.5.41"
      }
    },
    "node_modules/@vue/runtime-core": {
      "version": "3.5.41",
      "resolved": "https://npm.artifacts.pd-internal.com/npm/@vue/runtime-core/-/runtime-core-3.5.41.tgz",
      "integrity": "sha512-Vcry58hiAKwGen9Z1jUZE0feFsNArPCMOImYI8el48A9Idf6DuQYD0U05zZIF2Iad1hGhPSvcbBbAOhNr55fhg==",
      "license": "MIT",
      "dependencies": {
        "@vue/reactivity": "3.5.41",
        "@vue/shared": "3.5.41"
      }
    },
    "node_modules/@vue/runtime-dom": {
      "version": "3.5.41",
      "resolved": "https://npm.artifacts.pd-internal.com/npm/@vue/runtime-dom/-/runtime-dom-3.5.41.tgz",
      "integrity": "sha512-3vVBahVBS9+U6cmXBLyb8nE6/yYo4J/CGI9eVFs3KiMc0YHuudwKyShTD65jtJy/L9PUUxNAFu4cj4LiJ0UFbw==",
      "license": "MIT",
      "dependencies": {
        "@vue/reactivity": "3.5.41",
        "@vue/runtime-core": "3.5.41",
        "@vue/shared": "3.5.41",
        "csstype": "^3.2.3"
      }
    },
    "node_modules/@vue/server-renderer": {
      "version": "3.5.41",
      "resolved": "https://npm.artifacts.pd-internal.com/npm/@vue/server-renderer/-/server-renderer-3.5.41.tgz",
      "integrity": "sha512-n6hx/pNFfbD6SuyeuMVkvqox8bwf/ET9JlA/kAz/imw8sw++wkqKe2mHX5KutjPpbKE4Z56yTHszoOjGMI9igQ==",
      "license": "MIT",
      "dependencies": {
        "@vue/compiler-ssr": "3.5.41",
        "@vue/runtime-dom": "3.5.41",
        "@vue/shared": "3.5.41"
      }
    },
    "node_modules/@vue/shared": {
      "version": "3.5.41",
      "resolved": "https://npm.artifacts.pd-internal.com/npm/@vue/shared/-/shared-3.5.41.tgz",
      "integrity": "sha512-IOnwSCma8j+9xJT6b8H0dEYidC80NsYmNMlZxRsukYcSoGaDBohog5hDxzeUXdFeGWFA++vWvxqOmrr96VlqMA==",
      "license": "MIT"
    },
    "node_modules/bootstrap": {
      "version": "3.4.1",
      "resolved": "https://npm.artifacts.pd-internal.com/npm/bootstrap/-/bootstrap-3.4.1.tgz",
      "integrity": "sha512-yN5oZVmRCwe5aKwzRj6736nSmKDX7pLYwsXiCj/EYmo16hODaBiT4En5btW/jhBF/seV+XMx3aYwukYC3A49DA==",
      "license": "MIT",
      "engines": {
        "node": ">=6"
      }
    },
    "node_modules/csstype": {
      "version": "3.2.3",
      "resolved": "https://npm.artifacts.pd-internal.com/npm/csstype/-/csstype-3.2.3.tgz",
      "integrity": "sha512-z1HGKcYy2xA8AGQfwrn0PAy+PB7X/GSj3UVJW9qKyn43xWa+gl5nXmU4qqLMRzWVLFC8KusUX8T/0kCiOYpAIQ==",
      "license": "MIT"
    },
    "node_modules/estree-walker": {
      "version": "2.0.2",
      "resolved": "https://npm.artifacts.pd-internal.com/npm/estree-walker/-/estree-walker-2.0.2.tgz",
      "integrity": "sha512-Rfkk/Mp/DL7JVje3u18FxFujQlTNR2q6QfMSMB7AvCBx91NGj/ba3kCfza0f6dVDbw7YlRf/nDrn7pQrCCyQ/w==",
      "license": "MIT"
    },
    "node_modules/install": {
      "version": "0.13.0",
      "resolved": "https://npm.artifacts.pd-internal.com/npm/install/-/install-0.13.0.tgz",
      "integrity": "sha512-zDml/jzr2PKU9I8J/xyZBQn8rPCAY//UOYNmR01XwNwyfhEWObo2SWfSl1+0tm1u6PhxLwDnfsT/6jB7OUxqFA==",
      "license": "MIT",
      "engines": {
        "node": ">= 0.10"
      }
    },
    "node_modules/jquery": {
      "version": "3.7.1",
      "resolved": "https://npm.artifacts.pd-internal.com/npm/jquery/-/jquery-3.7.1.tgz",
      "integrity": "sha512-m4avr8yL8kmFN8psrbFFFmB/If14iN5o9nw/NgnnM+kybDJpRsAynV2BsfpTYrTRysYUdADVD7CkUUizgkpLfg==",
      "license": "MIT"
    },
    "node_modules/jquery-ui-dist": {
      "version": "1.13.3",
      "resolved": "https://npm.artifacts.pd-internal.com/npm/jquery-ui-dist/-/jquery-ui-dist-1.13.3.tgz",
      "integrity": "sha512-qeTR3SOSQ0jgxaNXSFU6+JtxdzNUSJKgp8LCzVrVKntM25+2YBJW1Ea8B2AwjmmSHfPLy2dSlZxJQN06OfVFhg==",
      "license": "MIT",
      "dependencies": {
        "jquery": ">=1.8.0 <4.0.0"
      }
    },
    "node_modules/jquery-ui-timepicker-addon": {
      "version": "1.6.3",
      "resolved": "https://npm.artifacts.pd-internal.com/npm/jquery-ui-timepicker-addon/-/jquery-ui-timepicker-addon-1.6.3.tgz",
      "integrity": "sha512-JvZTp1vGN1Ws9tr39VPRBC1/cOVdY/pa6a2mMcAXpEgjrsXc02xBXQthDtQsBXEqR0FbZV+GdXi/c+LDpuyk/A==",
      "engines": {
        "node": ">= 0.8.0"
      }
    },
    "node_modules/knockout": {
      "version": "3.5.3",
      "resolved": "https://npm.artifacts.pd-internal.com/npm/knockout/-/knockout-3.5.3.tgz",
      "integrity": "sha512-6iPv8M/xDPYfsiKyEyIPcSYBt8L+FZoJS/frLT8Nq3n9kMvP+WZ6ZPehYZV5c22Qc64Ie7unmTqYqgSdCB1Taw==",
      "license": "MIT"
    },
    "node_modules/knockout-mapping": {
      "version": "2.6.0",
      "resolved": "https://npm.artifacts.pd-internal.com/npm/knockout-mapping/-/knockout-mapping-2.6.0.tgz",
      "integrity": "sha512-Q4dh1RSU/54TRCbZCYCBHC462T64fgnYly6UOyzDA2h8CEgthtN/AL6rXYVmoKYTbRtfvVHyLalKztVOe85Pmw==",
      "license": "MIT",
      "peerDependencies": {
        "knockout": ">=2.2.0"
      }
    },
    "node_modules/magic-string": {
      "version": "0.30.21",
      "resolved": "https://npm.artifacts.pd-internal.com/npm/magic-string/-/magic-string-0.30.21.tgz",
      "integrity": "sha512-vd2F4YUyEXKGcLHoq+TEyCjxueSeHnFxyyjNp80yg0XV4vUhnDer/lvvlqM/arB5bXQN5K2/3oinyCRyx8T2CQ==",
      "license": "MIT",
      "dependencies": {
        "@jridgewell/sourcemap-codec": "^1.5.5"
      }
    },
    "node_modules/nanoid": {
      "version": "3.3.18",
      "resolved": "https://npm.artifacts.pd-internal.com/npm/nanoid/-/nanoid-3.3.18.tgz",
      "integrity": "sha512-DTg4MJbGMWkfi6VZFdNt2/caMbQy4Ou+Op/hJQvGEWcnVfoA1QA+xzRKAzw9jD6+GVOOeYr/mIcuDSdug6F6+w==",
      "funding": [
        {
          "type": "github",
          "url": "https://github.com/sponsors/ai"
        }
      ],
      "license": "MIT",
      "bin": {
        "nanoid": "bin/nanoid.cjs"
      },
      "engines": {
        "node": "^10 || ^12 || ^13.7 || ^14 || >=15.0.1"
      }
    },
    "node_modules/perfect-scrollbar": {
      "version": "1.5.6",
      "resolved": "https://npm.artifacts.pd-internal.com/npm/perfect-scrollbar/-/perfect-scrollbar-1.5.6.tgz",
      "integrity": "sha512-rixgxw3SxyJbCaSpo1n35A/fwI1r2rdwMKOTCg/AcG+xOEyZcE8UHVjpZMFCVImzsFoCZeJTT+M/rdEIQYO2nw==",
      "license": "MIT"
    },
    "node_modules/picocolors": {
      "version": "1.1.1",
      "resolved": "https://npm.artifacts.pd-internal.com/npm/picocolors/-/picocolors-1.1.1.tgz",
      "integrity": "sha512-xceH2snhtb5M9liqDsmEw56le376mTZkEX/jEb/RxNFyegNul7eNslCXP9FDj/Lcu0X8KEyMceP2ntpaHrDEVA==",
      "license": "ISC"
    },
    "node_modules/postcss": {
      "version": "8.5.26",
      "resolved": "https://npm.artifacts.pd-internal.com/npm/postcss/-/postcss-8.5.26.tgz",
      "integrity": "sha512-u82N74LFzG8ca+dD8puPnplTXoGH4fTPpVGuIbt36G3qvNlkvfD0lEAZSxaly3KX8TS/L1A1gsCEmvKmBcVbkQ==",
      "funding": [
        {
          "type": "opencollective",
          "url": "https://opencollective.com/postcss/"
        },
        {
          "type": "tidelift",
          "url": "https://tidelift.com/funding/github/npm/postcss"
        },
        {
          "type": "github",
          "url": "https://github.com/sponsors/ai"
        }
      ],
      "license": "MIT",
      "dependencies": {
        "nanoid": "^3.3.17",
        "picocolors": "^1.1.1",
        "source-map-js": "^1.2.1"
      },
      "engines": {
        "node": "^10 || ^12 || >=14"
      }
    },
    "node_modules/source-map-js": {
      "version": "1.2.1",
      "resolved": "https://npm.artifacts.pd-internal.com/npm/source-map-js/-/source-map-js-1.2.1.tgz",
      "integrity": "sha512-UXWMKhLOwVKb728IUtQPXxfYU+usdybtUrK/8uGE8CQMvrhOpwvzDBwj0QhSL7MQc7vIsISBG8VQ8+IDQxpfQA==",
      "license": "BSD-3-Clause",
      "engines": {
        "node": ">=0.10.0"
      }
    },
    "node_modules/vue": {
      "version": "3.5.41",
      "resolved": "https://npm.artifacts.pd-internal.com/npm/vue/-/vue-3.5.41.tgz",
      "integrity": "sha512-2laE0p+aK+/AOPG/XL/WepOs/GlK755LJ1XECi9kDUrz1FKNw8rb2Xzlw9JS1rqEV55nb0ttsKxVlTCcd+R5cg==",
      "license": "MIT",
      "dependencies": {
        "@vue/compiler-dom": "3.5.41",
        "@vue/compiler-sfc": "3.5.41",
        "@vue/runtime-dom": "3.5.41",
        "@vue/server-renderer": "3.5.41",
        "@vue/shared": "3.5.41"
      },
      "peerDependencies": {
        "typescript": "*"
      },
      "peerDependenciesMeta": {
        "typescript": {
          "optional": true
        }
      }
    },
    "node_modules/vuex": {
      "version": "4.1.0",
      "resolved": "https://npm.artifacts.pd-internal.com/npm/vuex/-/vuex-4.1.0.tgz",
      "integrity": "sha512-hmV6UerDrPcgbSy9ORAtNXDr9M4wlNP4pEFKye4ujJF8oqgFFuxDCdOLS3eNoRTtq5O3hoBDh9Doj1bQMYHRbQ==",
      "license": "MIT",
      "dependencies": {
        "@vue/devtools-api": "^6.0.0-beta.11"
      },
      "peerDependencies": {
        "vue": "^3.2.0"
      }
    }
  }
}
